
Microsoft Visual Studio Solution File, Format Version 12.00
# Visual Studio Version 17
VisualStudioVersion = 17.3.32825.248
MinimumVisualStudioVersion = 10.0.40219.1
Project("{9A19103F-16F7-4668-BE54-9A1E7A4F7556}") = "WarpinatorUI", "Warpinator\WarpinatorUI\WarpinatorUI.csproj", "{1CF28B6E-5BE2-4DD0-BBA0-7804E521BB7F}"
EndProject
Project("{9A19103F-16F7-4668-BE54-9A1E7A4F7556}") = "iShare", "..\warpinator-master\Warpinator\iShare\iShare.csproj", "{C7010983-16F9-4B2F-BBE5-1A63FE8C8DAE}"
EndProject
Project("{9A19103F-16F7-4668-BE54-9A1E7A4F7556}") = "WarpinatorConsolApp", "Warpinator\WarpinatorConsoleAppForLinux\WarpinatorConsolApp.csproj", "{00133DCF-D4C9-4DB4-B324-F3C77BFCAA98}"
EndProject
Global
	GlobalSection(SolutionConfigurationPlatforms) = preSolution
		Debug|Any CPU = Debug|Any CPU
		Release|Any CPU = Release|Any CPU
	EndGlobalSection
	GlobalSection(ProjectConfigurationPlatforms) = postSolution
		{1CF28B6E-5BE2-4DD0-BBA0-7804E521BB7F}.Debug|Any CPU.ActiveCfg = Debug|Any CPU
		{1CF28B6E-5BE2-4DD0-BBA0-7804E521BB7F}.Debug|Any CPU.Build.0 = Debug|Any CPU
		{1CF28B6E-5BE2-4DD0-BBA0-7804E521BB7F}.Release|Any CPU.ActiveCfg = Release|Any CPU
		{1CF28B6E-5BE2-4DD0-BBA0-7804E521BB7F}.Release|Any CPU.Build.0 = Release|Any CPU
		{C7010983-16F9-4B2F-BBE5-1A63FE8C8DAE}.Debug|Any CPU.ActiveCfg = Debug|Any CPU
		{C7010983-16F9-4B2F-BBE5-1A63FE8C8DAE}.Debug|Any CPU.Build.0 = Debug|Any CPU
		{C7010983-16F9-4B2F-BBE5-1A63FE8C8DAE}.Release|Any CPU.ActiveCfg = Release|Any CPU
		{C7010983-16F9-4B2F-BBE5-1A63FE8C8DAE}.Release|Any CPU.Build.0 = Release|Any CPU
		{00133DCF-D4C9-4DB4-B324-F3C77BFCAA98}.Debug|Any CPU.ActiveCfg = Debug|Any CPU
		{00133DCF-D4C9-4DB4-B324-F3C77BFCAA98}.Debug|Any CPU.Build.0 = Debug|Any CPU
		{00133DCF-D4C9-4DB4-B324-F3C77BFCAA98}.Release|Any CPU.ActiveCfg = Release|Any CPU
		{00133DCF-D4C9-4DB4-B324-F3C77BFCAA98}.Release|Any CPU.Build.0 = Release|Any CPU
	EndGlobalSection
	GlobalSection(SolutionProperties) = preSolution
		HideSolutionNode = FALSE
	EndGlobalSection
	GlobalSection(ExtensibilityGlobals) = postSolution
		SolutionGuid = {97ECD630-9261-49D5-96EA-8FB4416F7D6D}
	EndGlobalSection
EndGlobal
